github.com/cactus/go-statsd-client v1.0.1 h1:R58kYEe8CS4Dg7zNgGi8J0nFhYIGaBvIC7SHJ1l08is=
github.com/cactus/go-statsd-client v3.2.1+incompatible h1:hSd8ARQzCrnKQUWKdOBbwhU1nGR/al1oiT1AeBzoaTY=
github.com/cactus/go-statsd-client v3.2.1+incompatible/go.mod h1:cMRcwZDklk7hXp+Law83urTHUiHMzCev/r4JMYr/zU0=
github.com/cactus/go-statsd-client/v5 v5.0.0 h1:KqvIQtc9qt34uq+nu4nd1PwingWfBt/IISgtUQ2nSJk=
github.com/cactus/go-statsd-client/v5 v5.0.0/go.mod h1:COEvJ1E+/E2L4q6QE5CkjWPi4eeDw9maJBMIuMPBZbY=
github.com/davecgh/go-spew v1.1.0/go.mod h1:J7Y8YcW2NihsgmVo/mv3lAwl/skON4iLHjSsI+c5H38=
github.com/davecgh/go-spew v1.1.1 h1:vj9j/u1bqnvCEfJOwUhtlOARqs3+rkHYY13jYWTU97c=
github.com/davecgh/go-spew v1.1.1/go.mod h1:J7Y8YcW2NihsgmVo/mv3lAwl/skON4iLHjSsI+c5H38=
github.com/jessevdk/go-flags v1.4.0/go.mod h1:4FA24M0QyGHXBuZZK/XkWh8h0e1EYbRYJSGM75WSRxI=
github.com/pmezard/go-difflib v1.0.0 h1:4DBwDE0NGyQoBHbLQYPwSUPoCMWR5BEzIk/f1lZbAQM=
github.com/pmezard/go-difflib v1.0.0/go.mod h1:iKH77koFhYxTK1pcRnkKkqfTogsbg7gZNVY4sRDYZ/4=
github.com/stretchr/objx v0.1.0/go.mod h1:HFkY916IF+rwdDfMAkV7OtwuqBVzrE8GR6GFx+wExME=
github.com/stretchr/testify v1.3.0 h1:TivCn/peBQ7UY8ooIcPgZFpTNSz0Q2U6UrFlUfqbe0Q=
github.com/stretchr/testify v1.3.0/go.mod h1:M5WIy9Dh21IEIfnGCwXGc5bZfKNJtfHm1UVUgZn+9EI=
github.com/twmb/murmur3 v1.1.6 h1:mqrRot1BRxm+Yct+vavLMou2/iJt0tNVTTC0QoIjaZg=
github.com/twmb/murmur3 v1.1.6/go.mod h1:Qq/R7NUyOfr65zD+6Q5IHKsJLwP7exErjN6lyyq3OSQ=
github.com/uber-go/tally v1.1.0 h1:KifNMkZu+1leHFaXYLw+U95j6bBRfosQq/Fp45qOikY=
github.com/uber-go/tally v3.4.2+incompatible h1:wEKPHq3KIjguuHz/M6SXVjDlUTh+39OtnhlLWsfR7z0=
github.com/uber-go/tally v3.4.2+incompatible/go.mod h1:YDTIBxdXyOU/sCWilKB4bgyufu1cEi0jdVnRdxvjnmU=
go.uber.org/atomic v1.9.0 h1:ECmE8Bn/WFTYwEW/bpKD3M8VtR/zQVbavAoalC1PYyE=
go.uber.org/atomic v1.9.0/go.mod h1:fEN4uk6kAWBTFdckzkM89CLk9XfWZrxpCo0nPH17wJc=
